<?xml version="1.0" encoding="utf-8"?>
<Project ToolsVersion="4.0" xmlns="http://schemas.microsoft.com/developer/msbuild/2003">
  <ItemGroup>
    <Filter Include="소스 파일">
      <UniqueIdentifier>{4FC737F1-C7A5-4376-A066-2A32D752A2FF}</UniqueIdentifier>
      <Extensions>cpp;c;cc;cxx;def;odl;idl;hpj;bat;asm;asmx</Extensions>
    </Filter>
    <Filter Include="리소스 파일">
      <UniqueIdentifier>{67DA6AB6-F800-4c08-8B7A-83BB121AAD01}</UniqueIdentifier>
      <Extensions>rc;ico;cur;bmp;dlg;rc2;rct;bin;rgs;gif;jpg;jpeg;jpe;resx;tiff;tif;png;wav;mfcribbon-ms</Extensions>
    </Filter>
    <Filter Include="소스 파일\1.CObj">
      <UniqueIdentifier>{c3fbf3dd-0fdf-4786-a8c9-ac15468f95fe}</UniqueIdentifier>
    </Filter>
    <Filter Include="소스 파일\1.CObj\Camera">
      <UniqueIdentifier>{53fb186c-af58-4004-b149-5026062e9ddc}</UniqueIdentifier>
    </Filter>
    <Filter Include="소스 파일\1.CObj\SpriteObj">
      <UniqueIdentifier>{a2d63979-fe69-49bb-b8c2-25a619110cad}</UniqueIdentifier>
    </Filter>
    <Filter Include="소스 파일\0.H/W_Device">
      <UniqueIdentifier>{3a1c7685-a128-4df9-88e9-d24b2dad51fd}</UniqueIdentifier>
    </Filter>
    <Filter Include="소스 파일\1.Texture">
      <UniqueIdentifier>{017922f4-bb73-4703-bc83-147bb2cd609c}</UniqueIdentifier>
    </Filter>
    <Filter Include="소스 파일\1.Texture\SingleTexture">
      <UniqueIdentifier>{9966bbc8-e8e5-46d2-94e3-7b4ec956d899}</UniqueIdentifier>
    </Filter>
    <Filter Include="소스 파일\1.Texture\MultiTexture">
      <UniqueIdentifier>{3781ee72-a144-403c-b422-7784094a6eac}</UniqueIdentifier>
    </Filter>
    <Filter Include="소스 파일\99.Default">
      <UniqueIdentifier>{14b995b7-2fdf-47ef-9015-1c2683ae7e84}</UniqueIdentifier>
    </Filter>
    <Filter Include="소스 파일\0.Main">
      <UniqueIdentifier>{4a04a47c-b522-4139-86b1-f45de1cd837b}</UniqueIdentifier>
    </Filter>
    <Filter Include="소스 파일\2.Manager">
      <UniqueIdentifier>{5b76bfb5-60f8-4346-bea1-0490c7e9b742}</UniqueIdentifier>
    </Filter>
    <Filter Include="소스 파일\98.Helper">
      <UniqueIdentifier>{ee9d508d-b1ab-46f4-aba0-5d427c32c7c8}</UniqueIdentifier>
    </Filter>
    <Filter Include="소스 파일\0.GameWorld">
      <UniqueIdentifier>{3465b8c6-ebe8-4dbd-9a68-8840be947f95}</UniqueIdentifier>
    </Filter>
    <Filter Include="소스 파일\1.CObj\ViewSpace">
      <UniqueIdentifier>{54ae8bbb-0d7b-4c66-b130-b026a3ab2150}</UniqueIdentifier>
    </Filter>
    <Filter Include="소스 파일\1.Scene">
      <UniqueIdentifier>{39f65d8e-db8e-451b-83d2-4fbd2e49b216}</UniqueIdentifier>
    </Filter>
    <Filter Include="소스 파일\1.Scene\TestScene">
      <UniqueIdentifier>{a6e37c75-44e1-4118-872a-ea2f17f8e53b}</UniqueIdentifier>
    </Filter>
    <Filter Include="소스 파일\1.State">
      <UniqueIdentifier>{e6aafcd0-1fd3-4bd6-8752-2496fe6038db}</UniqueIdentifier>
    </Filter>
    <Filter Include="소스 파일\1.State\Commander">
      <UniqueIdentifier>{eb821ebe-0d27-44e4-980f-16244855d6a8}</UniqueIdentifier>
    </Filter>
    <Filter Include="소스 파일\1.CObj\SpriteObj\Crop">
      <UniqueIdentifier>{744c2a05-c1aa-4a75-aa42-c4fda3d8bb6f}</UniqueIdentifier>
    </Filter>
    <Filter Include="소스 파일\1.State\Pig">
      <UniqueIdentifier>{448dc057-7fb4-4989-9f54-539060825be3}</UniqueIdentifier>
    </Filter>
    <Filter Include="소스 파일\2.MapLoader">
      <UniqueIdentifier>{30aefa4d-e04b-4274-bfb8-3e05f1810cd9}</UniqueIdentifier>
    </Filter>
    <Filter Include="소스 파일\1.CObj\SpriteObj\Deco">
      <UniqueIdentifier>{f8e4941d-5e2f-4443-b8e0-7659d6cd9f51}</UniqueIdentifier>
    </Filter>
    <Filter Include="소스 파일\1.CObj\SpriteObj\Tile">
      <UniqueIdentifier>{b1c859d5-1803-4102-b2f8-0b3ee4ef8845}</UniqueIdentifier>
    </Filter>
    <Filter Include="소스 파일\2.Generator">
      <UniqueIdentifier>{d8c82ba5-a32d-493d-a33e-6d6696e2ae44}</UniqueIdentifier>
    </Filter>
    <Filter Include="소스 파일\2.Generator\UnitGenerator">
      <UniqueIdentifier>{3cf648c0-d7a6-435e-8ccd-f71e8db65cc8}</UniqueIdentifier>
    </Filter>
    <Filter Include="소스 파일\2.Generator\TunnelGenerator">
      <UniqueIdentifier>{0c2d4977-4a19-4bf5-aedb-2194c1c009f1}</UniqueIdentifier>
    </Filter>
    <Filter Include="소스 파일\1.State\Squirrel">
      <UniqueIdentifier>{a66e3ee5-72e1-4b76-b8ce-92f631361820}</UniqueIdentifier>
    </Filter>
    <Filter Include="소스 파일\1.State\Lizard">
      <UniqueIdentifier>{b58dd3b0-eab2-439b-a181-0cf5a0ce0ee3}</UniqueIdentifier>
    </Filter>
    <Filter Include="소스 파일\1.State\Mole">
      <UniqueIdentifier>{dffbd892-4680-4cdb-96fc-8ef2374855ff}</UniqueIdentifier>
    </Filter>
    <Filter Include="소스 파일\1.State\Skunk">
      <UniqueIdentifier>{9d11533e-c0b4-438b-97eb-758e04af3e98}</UniqueIdentifier>
    </Filter>
    <Filter Include="소스 파일\1.State\Badger">
      <UniqueIdentifier>{5537df20-f413-4129-b333-00bdf516c5ef}</UniqueIdentifier>
    </Filter>
    <Filter Include="소스 파일\1.State\Fox">
      <UniqueIdentifier>{f42e9ace-1a10-49a6-9279-7ce536bb5426}</UniqueIdentifier>
    </Filter>
    <Filter Include="소스 파일\0.Timer">
      <UniqueIdentifier>{382df001-a5f9-43af-a5de-c3a636c9239b}</UniqueIdentifier>
    </Filter>
    <Filter Include="소스 파일\1.CObj\SpriteObj\Bullet">
      <UniqueIdentifier>{425472eb-6621-48c3-9e4f-a4e918e5fbf6}</UniqueIdentifier>
    </Filter>
    <Filter Include="소스 파일\1.CObj\SpriteObj\ComDepObj">
      <UniqueIdentifier>{f2621b89-5a0e-4849-888d-97373a85586a}</UniqueIdentifier>
    </Filter>
    <Filter Include="소스 파일\1.CObj\SpriteObj\ComDepObj\Windmill">
      <UniqueIdentifier>{524c40f2-a486-4710-8d47-4a9386864347}</UniqueIdentifier>
    </Filter>
    <Filter Include="소스 파일\1.CObj\SpriteObj\ComDepObj\Farmland">
      <UniqueIdentifier>{77c0a880-3b48-4e80-8028-d5bcbc89dd25}</UniqueIdentifier>
    </Filter>
    <Filter Include="소스 파일\1.CObj\SpriteObj\ComDepObj\Tunnel">
      <UniqueIdentifier>{7624a55c-65d1-498e-8597-11bb7a7fe8c4}</UniqueIdentifier>
    </Filter>
    <Filter Include="소스 파일\1.CObj\SpriteObj\ComDepObj\Pig">
      <UniqueIdentifier>{dd732d96-b1f1-4c9a-ac47-9dd7fb10100f}</UniqueIdentifier>
    </Filter>
    <Filter Include="소스 파일\1.CObj\SpriteObj\ComDepObj\Squirrel">
      <UniqueIdentifier>{55b703da-74d0-4d4d-8abe-1b370c7ea2da}</UniqueIdentifier>
    </Filter>
    <Filter Include="소스 파일\1.CObj\SpriteObj\ComDepObj\Lizard">
      <UniqueIdentifier>{721c035b-95a8-4536-a579-ad8d2d0b101d}</UniqueIdentifier>
    </Filter>
    <Filter Include="소스 파일\1.CObj\SpriteObj\ComDepObj\Mole">
      <UniqueIdentifier>{66e0b513-9758-4671-a376-c2f253a97ee2}</UniqueIdentifier>
    </Filter>
    <Filter Include="소스 파일\1.CObj\SpriteObj\ComDepObj\Skunk">
      <UniqueIdentifier>{9999b82b-f367-4878-8b7f-acd5a7b35cf7}</UniqueIdentifier>
    </Filter>
    <Filter Include="소스 파일\1.CObj\SpriteObj\ComDepObj\Badger">
      <UniqueIdentifier>{70f1f889-511d-4cca-a72c-02b7a067d8e2}</UniqueIdentifier>
    </Filter>
    <Filter Include="소스 파일\1.CObj\SpriteObj\ComDepObj\Fox">
      <UniqueIdentifier>{846ac60f-7329-41fd-a94a-218e51d7ca0b}</UniqueIdentifier>
    </Filter>
    <Filter Include="소스 파일\1.CObj\SpriteObj\ComDepObj\Commander">
      <UniqueIdentifier>{173c10e8-267a-4727-9fdf-7bfe86081af1}</UniqueIdentifier>
    </Filter>
    <Filter Include="소스 파일\1.CObj\UI">
      <UniqueIdentifier>{21ebbc19-c151-41cf-b064-04d133c1d8b6}</UniqueIdentifier>
    </Filter>
    <Filter Include="소스 파일\1.CObj\UI\Button">
      <UniqueIdentifier>{b08cda9c-e3bc-4512-b8a7-f6f7e45d97b2}</UniqueIdentifier>
    </Filter>
    <Filter Include="소스 파일\1.CObj\UI\Gauge">
      <UniqueIdentifier>{8c5f110c-70ef-46aa-a96d-b1c5b93a4fae}</UniqueIdentifier>
    </Filter>
    <Filter Include="소스 파일\1.Scene\TitleScene">
      <UniqueIdentifier>{b3e703a2-3bcb-4f3b-a199-c2cb1c39a930}</UniqueIdentifier>
    </Filter>
    <Filter Include="소스 파일\1.CObj\SpriteObj\Burst">
      <UniqueIdentifier>{c3653da8-b9cd-473a-a41a-1df69b645239}</UniqueIdentifier>
    </Filter>
    <Filter Include="소스 파일\1.CObj\UI\Image">
      <UniqueIdentifier>{001f8f76-03e8-4da0-8d92-6daf98439291}</UniqueIdentifier>
    </Filter>
    <Filter Include="소스 파일\1.CObj\UI\InGameUI">
      <UniqueIdentifier>{bccfec52-3556-45ad-bebd-cd1b09cddf2e}</UniqueIdentifier>
    </Filter>
    <Filter Include="소스 파일\1.CObj\UI\Minimap">
      <UniqueIdentifier>{97233a81-1739-404a-b04b-d68292b15bd6}</UniqueIdentifier>
    </Filter>
    <Filter Include="소스 파일\1.CObj\UI\UnitSign">
      <UniqueIdentifier>{97e3daf1-1ccd-4f01-b44f-bbee33d0dccd}</UniqueIdentifier>
    </Filter>
  </ItemGroup>
  <ItemGroup>
    <ClInclude Include="CCamera.h">
      <Filter>소스 파일\1.CObj\Camera</Filter>
    </ClInclude>
    <ClInclude Include="CGraphicDevice.h">
      <Filter>소스 파일\0.H/W_Device</Filter>
    </ClInclude>
    <ClInclude Include="CObj.h">
      <Filter>소스 파일\1.CObj</Filter>
    </ClInclude>
    <ClInclude Include="CSpriteObj.h">
      <Filter>소스 파일\1.CObj\SpriteObj</Filter>
    </ClInclude>
    <ClInclude Include="CMultiTexture.h">
      <Filter>소스 파일\1.Texture\MultiTexture</Filter>
    </ClInclude>
    <ClInclude Include="CTexture.h">
      <Filter>소스 파일\1.Texture</Filter>
    </ClInclude>
    <ClInclude Include="stdafx.h">
      <Filter>소스 파일\99.Default</Filter>
    </ClInclude>
    <ClInclude Include="targetver.h">
      <Filter>소스 파일\99.Default</Filter>
    </ClInclude>
    <ClInclude Include="ToothAndTail_Client.h">
      <Filter>소스 파일\0.Main</Filter>
    </ClInclude>
    <ClInclude Include="CTextureMgr.h">
      <Filter>소스 파일\2.Manager</Filter>
    </ClInclude>
    <ClInclude Include="Function.h">
      <Filter>소스 파일\98.Helper</Filter>
    </ClInclude>
    <ClInclude Include="Resource.h">
      <Filter>소스 파일\99.Default</Filter>
    </ClInclude>
    <ClInclude Include="CSingleTexture.h">
      <Filter>소스 파일\1.Texture\SingleTexture</Filter>
    </ClInclude>
    <ClInclude Include="CGameWorld.h">
      <Filter>소스 파일\0.GameWorld</Filter>
    </ClInclude>
    <ClInclude Include="CTimer.h">
      <Filter>소스 파일\0.Timer</Filter>
    </ClInclude>
    <ClInclude Include="CSceneMgr.h">
      <Filter>소스 파일\2.Manager</Filter>
    </ClInclude>
    <ClInclude Include="CSpace.h">
      <Filter>소스 파일\1.CObj\ViewSpace</Filter>
    </ClInclude>
    <ClInclude Include="CTAT_World.h">
      <Filter>소스 파일\0.GameWorld</Filter>
    </ClInclude>
    <ClInclude Include="CKeyMgr.h">
      <Filter>소스 파일\2.Manager</Filter>
    </ClInclude>
    <ClInclude Include="CScene.h">
      <Filter>소스 파일\1.Scene</Filter>
    </ClInclude>
    <ClInclude Include="CTestScene.h">
      <Filter>소스 파일\1.Scene\TestScene</Filter>
    </ClInclude>
    <ClInclude Include="MacroValue.h">
      <Filter>소스 파일\98.Helper</Filter>
    </ClInclude>
    <ClInclude Include="CCommander.h">
      <Filter>소스 파일\1.CObj\SpriteObj\ComDepObj\Commander</Filter>
    </ClInclude>
    <ClInclude Include="CState.h">
      <Filter>소스 파일\1.State</Filter>
    </ClInclude>
    <ClInclude Include="CStateMgr.h">
      <Filter>소스 파일\2.Manager</Filter>
    </ClInclude>
    <ClInclude Include="CComState_Idle.h">
      <Filter>소스 파일\1.State\Commander</Filter>
    </ClInclude>
    <ClInclude Include="CComState_Run.h">
      <Filter>소스 파일\1.State\Commander</Filter>
    </ClInclude>
    <ClInclude Include="CComState_Standing_WaveFlag.h">
      <Filter>소스 파일\1.State\Commander</Filter>
    </ClInclude>
    <ClInclude Include="CComState_Standing_Build.h">
      <Filter>소스 파일\1.State\Commander</Filter>
    </ClInclude>
    <ClInclude Include="CComState_Running_Build.h">
      <Filter>소스 파일\1.State\Commander</Filter>
    </ClInclude>
    <ClInclude Include="CComState_Running_WaveFlag.h">
      <Filter>소스 파일\1.State\Commander</Filter>
    </ClInclude>
    <ClInclude Include="CComState_Running_Jump.h">
      <Filter>소스 파일\1.State\Commander</Filter>
    </ClInclude>
    <ClInclude Include="CWindmill.h">
      <Filter>소스 파일\1.CObj\SpriteObj\ComDepObj\Windmill</Filter>
    </ClInclude>
    <ClInclude Include="CComDepObj.h">
      <Filter>소스 파일\1.CObj\SpriteObj\ComDepObj</Filter>
    </ClInclude>
    <ClInclude Include="CTurbine.h">
      <Filter>소스 파일\1.CObj\SpriteObj\ComDepObj\Windmill</Filter>
    </ClInclude>
    <ClInclude Include="CWindmillBase.h">
      <Filter>소스 파일\1.CObj\SpriteObj\ComDepObj\Windmill</Filter>
    </ClInclude>
    <ClInclude Include="CFarmland.h">
      <Filter>소스 파일\1.CObj\SpriteObj\ComDepObj\Farmland</Filter>
    </ClInclude>
    <ClInclude Include="CPig.h">
      <Filter>소스 파일\1.CObj\SpriteObj\ComDepObj\Pig</Filter>
    </ClInclude>
    <ClInclude Include="CCrop.h">
      <Filter>소스 파일\1.CObj\SpriteObj\Crop</Filter>
    </ClInclude>
    <ClInclude Include="CPigState_Patrol.h">
      <Filter>소스 파일\1.State\Pig</Filter>
    </ClInclude>
    <ClInclude Include="CPigState_Cropping.h">
      <Filter>소스 파일\1.State\Pig</Filter>
    </ClInclude>
    <ClInclude Include="CPigState_Attack.h">
      <Filter>소스 파일\1.State\Pig</Filter>
    </ClInclude>
    <ClInclude Include="CTunnel.h">
      <Filter>소스 파일\1.CObj\SpriteObj\ComDepObj\Tunnel</Filter>
    </ClInclude>
    <ClInclude Include="CMapLoader.h">
      <Filter>소스 파일\2.MapLoader</Filter>
    </ClInclude>
    <ClInclude Include="CDeco.h">
      <Filter>소스 파일\1.CObj\SpriteObj\Deco</Filter>
    </ClInclude>
    <ClInclude Include="CTile.h">
      <Filter>소스 파일\1.CObj\SpriteObj\Tile</Filter>
    </ClInclude>
    <ClInclude Include="CUnitGenerator.h">
      <Filter>소스 파일\2.Generator\UnitGenerator</Filter>
    </ClInclude>
    <ClInclude Include="CTunnelGenerator.h">
      <Filter>소스 파일\2.Generator\TunnelGenerator</Filter>
    </ClInclude>
    <ClInclude Include="CSquirrel.h">
      <Filter>소스 파일\1.CObj\SpriteObj\ComDepObj\Squirrel</Filter>
    </ClInclude>
    <ClInclude Include="CSquirrelState_Idle.h">
      <Filter>소스 파일\1.State\Squirrel</Filter>
    </ClInclude>
    <ClInclude Include="CLizard.h">
      <Filter>소스 파일\1.CObj\SpriteObj\ComDepObj\Lizard</Filter>
    </ClInclude>
    <ClInclude Include="CLizardState_Idle.h">
      <Filter>소스 파일\1.State\Lizard</Filter>
    </ClInclude>
    <ClInclude Include="CMole.h">
      <Filter>소스 파일\1.CObj\SpriteObj\ComDepObj\Mole</Filter>
    </ClInclude>
    <ClInclude Include="CMoleState_Idle.h">
      <Filter>소스 파일\1.State\Mole</Filter>
    </ClInclude>
    <ClInclude Include="CSkunk.h">
      <Filter>소스 파일\1.CObj\SpriteObj\ComDepObj\Skunk</Filter>
    </ClInclude>
    <ClInclude Include="CSkunkState_Idle.h">
      <Filter>소스 파일\1.State\Skunk</Filter>
    </ClInclude>
    <ClInclude Include="CBadger.h">
      <Filter>소스 파일\1.CObj\SpriteObj\ComDepObj\Badger</Filter>
    </ClInclude>
    <ClInclude Include="CBadgerState_Idle.h">
      <Filter>소스 파일\1.State\Badger</Filter>
    </ClInclude>
    <ClInclude Include="CFox.h">
      <Filter>소스 파일\1.CObj\SpriteObj\ComDepObj\Fox</Filter>
    </ClInclude>
    <ClInclude Include="CFoxState_Idle.h">
      <Filter>소스 파일\1.State\Fox</Filter>
    </ClInclude>
    <ClInclude Include="CSquirrelState_Run.h">
      <Filter>소스 파일\1.State\Squirrel</Filter>
    </ClInclude>
    <ClInclude Include="CSkunkState_Run.h">
      <Filter>소스 파일\1.State\Skunk</Filter>
    </ClInclude>
    <ClInclude Include="CLizardState_Run.h">
      <Filter>소스 파일\1.State\Lizard</Filter>
    </ClInclude>
    <ClInclude Include="CMoleState_Run.h">
      <Filter>소스 파일\1.State\Mole</Filter>
    </ClInclude>
    <ClInclude Include="CFoxState_Run.h">
      <Filter>소스 파일\1.State\Fox</Filter>
    </ClInclude>
    <ClInclude Include="CBadgerState_Run.h">
      <Filter>소스 파일\1.State\Badger</Filter>
    </ClInclude>
    <ClInclude Include="CBullet.h">
      <Filter>소스 파일\1.CObj\SpriteObj\Bullet</Filter>
    </ClInclude>
    <ClInclude Include="CSquirrelState_Attack.h">
      <Filter>소스 파일\1.State\Squirrel</Filter>
    </ClInclude>
    <ClInclude Include="CLizardState_Attack.h">
      <Filter>소스 파일\1.State\Lizard</Filter>
    </ClInclude>
    <ClInclude Include="CMoleState_Attack.h">
      <Filter>소스 파일\1.State\Mole</Filter>
    </ClInclude>
    <ClInclude Include="CSkunkState_Attack.h">
      <Filter>소스 파일\1.State\Skunk</Filter>
    </ClInclude>
    <ClInclude Include="CBadgerState_Attack.h">
      <Filter>소스 파일\1.State\Badger</Filter>
    </ClInclude>
    <ClInclude Include="CFoxState_Attack.h">
      <Filter>소스 파일\1.State\Fox</Filter>
    </ClInclude>
    <ClInclude Include="CTitleScene.h">
      <Filter>소스 파일\1.Scene\TitleScene</Filter>
    </ClInclude>
    <ClInclude Include="CBurst.h">
      <Filter>소스 파일\1.CObj\SpriteObj\Burst</Filter>
    </ClInclude>
    <ClInclude Include="CUI_Button.h">
      <Filter>소스 파일\1.CObj\UI\Button</Filter>
    </ClInclude>
    <ClInclude Include="CUI_Gauge.h">
      <Filter>소스 파일\1.CObj\UI\Gauge</Filter>
    </ClInclude>
    <ClInclude Include="CUI_Image.h">
      <Filter>소스 파일\1.CObj\UI\Image</Filter>
    </ClInclude>
    <ClInclude Include="CUI_InGameUI.h">
      <Filter>소스 파일\1.CObj\UI\InGameUI</Filter>
    </ClInclude>
    <ClInclude Include="CUI_Minimap.h">
      <Filter>소스 파일\1.CObj\UI\Minimap</Filter>
    </ClInclude>
    <ClInclude Include="CUI_UnitSign.h" />
  </ItemGroup>
  <ItemGroup>
    <ClCompile Include="CCamera.cpp">
      <Filter>소스 파일\1.CObj\Camera</Filter>
    </ClCompile>
    <ClCompile Include="CGraphicDevice.cpp">
      <Filter>소스 파일\0.H/W_Device</Filter>
    </ClCompile>
    <ClCompile Include="CObj.cpp">
      <Filter>소스 파일\1.CObj</Filter>
    </ClCompile>
    <ClCompile Include="CMultiTexture.cpp">
      <Filter>소스 파일\1.Texture\MultiTexture</Filter>
    </ClCompile>
    <ClCompile Include="CTexture.cpp">
      <Filter>소스 파일\1.Texture</Filter>
    </ClCompile>
    <ClCompile Include="stdafx.cpp">
      <Filter>소스 파일\99.Default</Filter>
    </ClCompile>
    <ClCompile Include="ToothAndTail_Client.cpp">
      <Filter>소스 파일\0.Main</Filter>
    </ClCompile>
    <ClCompile Include="CTextureMgr.cpp">
      <Filter>소스 파일\2.Manager</Filter>
    </ClCompile>
    <ClCompile Include="Function.cpp">
      <Filter>소스 파일\98.Helper</Filter>
    </ClCompile>
    <ClCompile Include="CSingleTexture.cpp">
      <Filter>소스 파일\1.Texture\SingleTexture</Filter>
    </ClCompile>
    <ClCompile Include="CGameWorld.cpp">
      <Filter>소스 파일\0.GameWorld</Filter>
    </ClCompile>
    <ClCompile Include="CTimer.cpp">
      <Filter>소스 파일\0.Timer</Filter>
    </ClCompile>
    <ClCompile Include="CSceneMgr.cpp">
      <Filter>소스 파일\2.Manager</Filter>
    </ClCompile>
    <ClCompile Include="CSpace.cpp">
      <Filter>소스 파일\1.CObj\ViewSpace</Filter>
    </ClCompile>
    <ClCompile Include="CTAT_World.cpp">
      <Filter>소스 파일\0.GameWorld</Filter>
    </ClCompile>
    <ClCompile Include="CKeyMgr.cpp">
      <Filter>소스 파일\2.Manager</Filter>
    </ClCompile>
    <ClCompile Include="CScene.cpp">
      <Filter>소스 파일\1.Scene</Filter>
    </ClCompile>
    <ClCompile Include="CTestScene.cpp">
      <Filter>소스 파일\1.Scene\TestScene</Filter>
    </ClCompile>
    <ClCompile Include="CSpriteObj.cpp">
      <Filter>소스 파일\1.CObj\SpriteObj</Filter>
    </ClCompile>
    <ClCompile Include="CCommander.cpp">
      <Filter>소스 파일\1.CObj\SpriteObj\ComDepObj\Commander</Filter>
    </ClCompile>
    <ClCompile Include="CState.cpp">
      <Filter>소스 파일\1.State</Filter>
    </ClCompile>
    <ClCompile Include="CStateMgr.cpp">
      <Filter>소스 파일\2.Manager</Filter>
    </ClCompile>
    <ClCompile Include="CComState_Idle.cpp">
      <Filter>소스 파일\1.State\Commander</Filter>
    </ClCompile>
    <ClCompile Include="CComState_Run.cpp">
      <Filter>소스 파일\1.State\Commander</Filter>
    </ClCompile>
    <ClCompile Include="CComState_Standing_WaveFlag.cpp">
      <Filter>소스 파일\1.State\Commander</Filter>
    </ClCompile>
    <ClCompile Include="CComState_Standing_Build.cpp">
      <Filter>소스 파일\1.State\Commander</Filter>
    </ClCompile>
    <ClCompile Include="CComState_Running_Build.cpp">
      <Filter>소스 파일\1.State\Commander</Filter>
    </ClCompile>
    <ClCompile Include="CComState_Running_WaveFlag.cpp">
      <Filter>소스 파일\1.State\Commander</Filter>
    </ClCompile>
    <ClCompile Include="CComState_Running_Jump.cpp">
      <Filter>소스 파일\1.State\Commander</Filter>
    </ClCompile>
    <ClCompile Include="CComDepObj.cpp">
      <Filter>소스 파일\1.CObj\SpriteObj\ComDepObj</Filter>
    </ClCompile>
    <ClCompile Include="CTurbine.cpp">
      <Filter>소스 파일\1.CObj\SpriteObj\ComDepObj\Windmill</Filter>
    </ClCompile>
    <ClCompile Include="CWindmill.cpp">
      <Filter>소스 파일\1.CObj\SpriteObj\ComDepObj\Windmill</Filter>
    </ClCompile>
    <ClCompile Include="CWindmillBase.cpp">
      <Filter>소스 파일\1.CObj\SpriteObj\ComDepObj\Windmill</Filter>
    </ClCompile>
    <ClCompile Include="CFarmland.cpp">
      <Filter>소스 파일\1.CObj\SpriteObj\ComDepObj\Farmland</Filter>
    </ClCompile>
    <ClCompile Include="CPig.cpp">
      <Filter>소스 파일\1.CObj\SpriteObj\ComDepObj\Pig</Filter>
    </ClCompile>
    <ClCompile Include="CCrop.cpp">
      <Filter>소스 파일\1.CObj\SpriteObj\Crop</Filter>
    </ClCompile>
    <ClCompile Include="CPigState_Patrol.cpp">
      <Filter>소스 파일\1.State\Pig</Filter>
    </ClCompile>
    <ClCompile Include="CPigState_Cropping.cpp">
      <Filter>소스 파일\1.State\Pig</Filter>
    </ClCompile>
    <ClCompile Include="CPigState_Attack.cpp">
      <Filter>소스 파일\1.State\Pig</Filter>
    </ClCompile>
    <ClCompile Include="CUnitGenerator.cpp">
      <Filter>소스 파일\2.Generator\UnitGenerator</Filter>
    </ClCompile>
    <ClCompile Include="CTunnel.cpp">
      <Filter>소스 파일\1.CObj\SpriteObj\ComDepObj\Tunnel</Filter>
    </ClCompile>
    <ClCompile Include="CMapLoader.cpp">
      <Filter>소스 파일\2.MapLoader</Filter>
    </ClCompile>
    <ClCompile Include="CDeco.cpp">
      <Filter>소스 파일\1.CObj\SpriteObj\Deco</Filter>
    </ClCompile>
    <ClCompile Include="CTile.cpp">
      <Filter>소스 파일\1.CObj\SpriteObj\Tile</Filter>
    </ClCompile>
    <ClCompile Include="CTunnelGenerator.cpp">
      <Filter>소스 파일\2.Generator\TunnelGenerator</Filter>
    </ClCompile>
    <ClCompile Include="CSquirrel.cpp">
      <Filter>소스 파일\1.CObj\SpriteObj\ComDepObj\Squirrel</Filter>
    </ClCompile>
    <ClCompile Include="CSquirrelState_Idle.cpp">
      <Filter>소스 파일\1.State\Squirrel</Filter>
    </ClCompile>
    <ClCompile Include="CLizard.cpp">
      <Filter>소스 파일\1.CObj\SpriteObj\ComDepObj\Lizard</Filter>
    </ClCompile>
    <ClCompile Include="CLizardState_Idle.cpp">
      <Filter>소스 파일\1.State\Lizard</Filter>
    </ClCompile>
    <ClCompile Include="CMole.cpp">
      <Filter>소스 파일\1.CObj\SpriteObj\ComDepObj\Mole</Filter>
    </ClCompile>
    <ClCompile Include="CMoleState_Idle.cpp">
      <Filter>소스 파일\1.State\Mole</Filter>
    </ClCompile>
    <ClCompile Include="CSkunk.cpp">
      <Filter>소스 파일\1.CObj\SpriteObj\ComDepObj\Skunk</Filter>
    </ClCompile>
    <ClCompile Include="CSkunkState_Idle.cpp">
      <Filter>소스 파일\1.State\Skunk</Filter>
    </ClCompile>
    <ClCompile Include="CBadger.cpp">
      <Filter>소스 파일\1.CObj\SpriteObj\ComDepObj\Badger</Filter>
    </ClCompile>
    <ClCompile Include="CBadgerState_Idle.cpp">
      <Filter>소스 파일\1.State\Badger</Filter>
    </ClCompile>
    <ClCompile Include="CFox.cpp">
      <Filter>소스 파일\1.CObj\SpriteObj\ComDepObj\Fox</Filter>
    </ClCompile>
    <ClCompile Include="CFoxState_Idle.cpp">
      <Filter>소스 파일\1.State\Fox</Filter>
    </ClCompile>
    <ClCompile Include="CSquirrelState_Run.cpp">
      <Filter>소스 파일\1.State\Squirrel</Filter>
    </ClCompile>
    <ClCompile Include="CSkunkState_Run.cpp">
      <Filter>소스 파일\1.State\Skunk</Filter>
    </ClCompile>
    <ClCompile Include="CLizardState_Run.cpp">
      <Filter>소스 파일\1.State\Lizard</Filter>
    </ClCompile>
    <ClCompile Include="CMoleState_Run.cpp">
      <Filter>소스 파일\1.State\Mole</Filter>
    </ClCompile>
    <ClCompile Include="CFoxState_Run.cpp">
      <Filter>소스 파일\1.State\Fox</Filter>
    </ClCompile>
    <ClCompile Include="CBadgerState_Run.cpp">
      <Filter>소스 파일\1.State\Badger</Filter>
    </ClCompile>
    <ClCompile Include="CBullet.cpp">
      <Filter>소스 파일\1.CObj\SpriteObj\Bullet</Filter>
    </ClCompile>
    <ClCompile Include="CSquirrelState_Attack.cpp">
      <Filter>소스 파일\1.State\Squirrel</Filter>
    </ClCompile>
    <ClCompile Include="CLizardState_Attack.cpp">
      <Filter>소스 파일\1.State\Lizard</Filter>
    </ClCompile>
    <ClCompile Include="CMoleState_Attack.cpp">
      <Filter>소스 파일\1.State\Mole</Filter>
    </ClCompile>
    <ClCompile Include="CSkunkState_Attack.cpp">
      <Filter>소스 파일\1.State\Skunk</Filter>
    </ClCompile>
    <ClCompile Include="CBadgerState_Attack.cpp">
      <Filter>소스 파일\1.State\Badger</Filter>
    </ClCompile>
    <ClCompile Include="CFoxState_Attack.cpp">
      <Filter>소스 파일\1.State\Fox</Filter>
    </ClCompile>
    <ClCompile Include="CTitleScene.cpp">
      <Filter>소스 파일\1.Scene\TitleScene</Filter>
    </ClCompile>
    <ClCompile Include="CBurst.cpp">
      <Filter>소스 파일\1.CObj\SpriteObj\Burst</Filter>
    </ClCompile>
    <ClCompile Include="CUI_Button.cpp">
      <Filter>소스 파일\1.CObj\UI\Button</Filter>
    </ClCompile>
    <ClCompile Include="CUI_Gauge.cpp">
      <Filter>소스 파일\1.CObj\UI\Gauge</Filter>
    </ClCompile>
    <ClCompile Include="CUI_Image.cpp">
      <Filter>소스 파일\1.CObj\UI\Image</Filter>
    </ClCompile>
    <ClCompile Include="CUI_InGameUI.cpp">
      <Filter>소스 파일\1.CObj\UI\InGameUI</Filter>
    </ClCompile>
    <ClCompile Include="CUI_Minimap.cpp">
      <Filter>소스 파일\1.CObj\UI\Minimap</Filter>
    </ClCompile>
    <ClCompile Include="CUI_UnitSign.cpp">
      <Filter>소스 파일</Filter>
    </ClCompile>
  </ItemGroup>
  <ItemGroup>
    <ResourceCompile Include="ToothAndTail_Client.rc">
      <Filter>리소스 파일</Filter>
    </ResourceCompile>
  </ItemGroup>
  <ItemGroup>
    <Image Include="small.ico">
      <Filter>리소스 파일</Filter>
    </Image>
    <Image Include="ToothAndTail_Client.ico">
      <Filter>리소스 파일</Filter>
    </Image>
  </ItemGroup>
</Project>